
Microsoft Visual Studio Solution File, Format Version 12.00
# Visual Studio Version 16
VisualStudioVersion = 16.0.29326.143
MinimumVisualStudioVersion = 10.0.40219.1
Project("{FAE04EC0-301F-11D3-BF4B-00C04F79EFBC}") = "CrudReact", "CrudReact\CrudReact.csproj", "{FC9D0F27-8FBE-4496-BAED-D1E8EFAE3DC8}"
EndProject
Global
	GlobalSection(SolutionConfigurationPlatforms) = preSolution
		Debug|Any CPU = Debug|Any CPU
		Release|Any CPU = Release|Any CPU
	EndGlobalSection
	GlobalSection(ProjectConfigurationPlatforms) = postSolution
		{FC9D0F27-8FBE-4496-BAED-D1E8EFAE3DC8}.Debug|Any CPU.ActiveCfg = Debug|Any CPU
		{FC9D0F27-8FBE-4496-BAED-D1E8EFAE3DC8}.Debug|Any CPU.Build.0 = Debug|Any CPU
		{FC9D0F27-8FBE-4496-BAED-D1E8EFAE3DC8}.Release|Any CPU.ActiveCfg = Release|Any CPU
		{FC9D0F27-8FBE-4496-BAED-D1E8EFAE3DC8}.Release|Any CPU.Build.0 = Release|Any CPU
	EndGlobalSection
	GlobalSection(SolutionProperties) = preSolution
		HideSolutionNode = FALSE
	EndGlobalSection
	GlobalSection(ExtensibilityGlobals) = postSolution
		SolutionGuid = {ED81BB22-8D36-4F26-ACEB-F807E3AEE9DA}
	EndGlobalSection
EndGlobal
